
Microsoft Visual Studio Solution File, Format Version 12.00
# Visual Studio Version 17
VisualStudioVersion = 17.12.35514.174
MinimumVisualStudioVersion = 10.0.40219.1
Project("{FAE04EC0-301F-11D3-BF4B-00C04F79EFBC}") = "DoQuery.Core", "DoQuery.Core\DoQuery.Core.csproj", "{3B855F27-B5DA-4286-8365-20FB3FAD1B2A}"
EndProject
Project("{FAE04EC0-301F-11D3-BF4B-00C04F79EFBC}") = "DoQuery.Cli", "DoQuery.Cli\DoQuery.Cli.csproj", "{1C92C5BA-220F-47D2-99FC-72BCF9420C82}"
EndProject
Global
	GlobalSection(SolutionConfigurationPlatforms) = preSolution
		Debug|Any CPU = Debug|Any CPU
		Release|Any CPU = Release|Any CPU
	EndGlobalSection
	GlobalSection(ProjectConfigurationPlatforms) = postSolution
		{3B855F27-B5DA-4286-8365-20FB3FAD1B2A}.Debug|Any CPU.ActiveCfg = Debug|Any CPU
		{3B855F27-B5DA-4286-8365-20FB3FAD1B2A}.Debug|Any CPU.Build.0 = Debug|Any CPU
		{3B855F27-B5DA-4286-8365-20FB3FAD1B2A}.Release|Any CPU.ActiveCfg = Release|Any CPU
		{3B855F27-B5DA-4286-8365-20FB3FAD1B2A}.Release|Any CPU.Build.0 = Release|Any CPU
		{1C92C5BA-220F-47D2-99FC-72BCF9420C82}.Debug|Any CPU.ActiveCfg = Debug|Any CPU
		{1C92C5BA-220F-47D2-99FC-72BCF9420C82}.Debug|Any CPU.Build.0 = Debug|Any CPU
		{1C92C5BA-220F-47D2-99FC-72BCF9420C82}.Release|Any CPU.ActiveCfg = Release|Any CPU
		{1C92C5BA-220F-47D2-99FC-72BCF9420C82}.Release|Any CPU.Build.0 = Release|Any CPU
	EndGlobalSection
	GlobalSection(SolutionProperties) = preSolution
		HideSolutionNode = FALSE
	EndGlobalSection
EndGlobal
